<Project xmlns="http://schemas.microsoft.com/developer/msbuild/2003">
  <PropertyGroup>
    <ProjectGuid>{a5d57506-5c75-4451-9e50-6747de543767}</ProjectGuid>
    <Configuration Condition=" '$(Configuration)' == '' ">Debug</Configuration>
    <Platform Condition=" '$(Platform)' == '' ">AnyCPU</Platform>
    <DCC_DCCCompiler>DCC32</DCC_DCCCompiler>
    <DCC_DependencyCheckOutputName>Project2.exe</DCC_DependencyCheckOutputName>
    <MainSource>Project2.dpr</MainSource>
  </PropertyGroup>
  <PropertyGroup Condition=" '$(Configuration)|$(Platform)' == 'Release|AnyCPU' ">
    <Version>7.0</Version>
    <DCC_DebugInformation>False</DCC_DebugInformation>
    <DCC_LocalDebugSymbols>False</DCC_LocalDebugSymbols>
    <DCC_SymbolReferenceInfo>0</DCC_SymbolReferenceInfo>
    <DCC_Define>RELEASE</DCC_Define>
  </PropertyGroup>
  <PropertyGroup Condition=" '$(Configuration)|$(Platform)' == 'Debug|AnyCPU' ">
    <Version>7.0</Version>
    <DCC_Define>DEBUG</DCC_Define>
  </PropertyGroup>
  <ProjectExtensions>
    <Borland.Personality>Delphi.Personality</Borland.Personality>
    <Borland.ProjectType />
    <BorlandProject>
<BorlandProject><Delphi.Personality><Parameters><Parameters Name="UseLauncher">False</Parameters><Parameters Name="LoadAllSymbols">True</Parameters><Parameters Name="LoadUnspecifiedSymbols">False</Parameters></Parameters><VersionInfo><VersionInfo Name="IncludeVerInfo">False</VersionInfo><VersionInfo Name="AutoIncBuild">False</VersionInfo><VersionInfo Name="MajorVer">1</VersionInfo><VersionInfo Name="MinorVer">0</VersionInfo><VersionInfo Name="Release">0</VersionInfo><VersionInfo Name="Build">0</VersionInfo><VersionInfo Name="Debug">False</VersionInfo><VersionInfo Name="PreRelease">False</VersionInfo><VersionInfo Name="Special">False</VersionInfo><VersionInfo Name="Private">False</VersionInfo><VersionInfo Name="DLL">False</VersionInfo><VersionInfo Name="Locale">2077</VersionInfo><VersionInfo Name="CodePage">1252</VersionInfo></VersionInfo><VersionInfoKeys><VersionInfoKeys Name="CompanyName"></VersionInfoKeys><VersionInfoKeys Name="FileDescription"></VersionInfoKeys><VersionInfoKeys Name="FileVersion">1.0.0.0</VersionInfoKeys><VersionInfoKeys Name="InternalName"></VersionInfoKeys><VersionInfoKeys Name="LegalCopyright"></VersionInfoKeys><VersionInfoKeys Name="LegalTrademarks"></VersionInfoKeys><VersionInfoKeys Name="OriginalFilename"></VersionInfoKeys><VersionInfoKeys Name="ProductName"></VersionInfoKeys><VersionInfoKeys Name="ProductVersion">1.0.0.0</VersionInfoKeys><VersionInfoKeys Name="Comments"></VersionInfoKeys></VersionInfoKeys><Excluded_Packages>
      
      
      
      
      
      
      
      
      
      
      
      
      
      
      
      
      
      
      
      
      
      
      
      
      
      
      
      
      
      
      
      
      
      
      
      
      
      
      
      
      
      
      
      
      
      
      
      
      
      
      
      
      
      
      
      
      
      
      
      
      
      
      
      
      
      
      
      
      
      
      
      
      
      
      
      
      
      
      
      
      
      
      
      
      
      
      
      
      
      
      
      
      
      
      
      
      
      
      
      
      
      
      
      
      
      
      
      
      
      
      
      
      
      
      
      
      
      
      
      
      
      
      
      
      
      
      
      
      
      
      
      
      
      
      
      
      
      
      
      
      
      
      
      
      
      
      
      
      
      
      
      
      
      
      
      
      
      
      
      
      
      
      
      
      
      
      
      
      
      
      
      
      
      
      
      
      
      
      
      
      
      
      
      
      
      
      
      
      
      
      
      
      
      
      
      
      
      
      
      
      
      
      
      
      
      
      
      
      
      
      
      
      
      
      
      
      
      
      
      
      
      
      
      
      
      
      
      
      
      
      
      
      
      
      
      
      
      
      
      
      
      
      
      
      
      
      
      
      
      
      
      
      
      
      
      
      
      
      
      
      
      
      
      
      
      
      
      
      
      
      
      
      
      
      
      
      
      
      
      
      
      
      
      
      
      
      
      
      
      
      
      
      
      
      
      
      
      
      
      
      
      
      
      
      
      
      
      
      
      
      
      
      
      
      
      
      
      
      
      
      
      
      
      
      
      
      
      
      
      
      
      
      
      
      
      
      
      
      
      
      
      
      
      
      
      
      
      
      
      
      
      
      
      
      
      
      
      
      
      
      
      
      
      
      
      
      
      
      
      
      
      
      
      
      
      
      
      
      
      
      
      
      
      
      
      
      
      
      
      
      
      
      
      
      
      
      
      
      
      
      
      
      
      
      
      
      
      
      
      
      
      
      
      
      
      
      
      
      
      
      
      
      
      
      
      
      
      
      
      
      
      
      
      
      
      
      
      
      
      
      
      
      
      
      
      
      
      
      
      
      
      
      
      
      
      
      
      
      
      
      
      
      
      
      
      
      
      
      
      
      
      
      
      
      
      
      
      
      
      
      
      
      
      
      
      
      
      
      
      
      
      
      
      
      
      
      
      
      
      
      
      
      
      
      
      
      
      
      
      
      
      
      
      
      
      
      
      
      
      
      
      
      
      
      
      
      
      
      
      
      
      
      
      
      
      
      
      
      
      
      
      
      
      
      
      
      
      
      
      
      
      
      
      
      
      
      
      
      
      
      
      
      
      
      
      
      
      
      
      
      
      
      
      
      
      
      
      
      
      
      
      
      
      
      
      
      
      
      
      
      
      
      
      
      
      
      
      
      
      
      
      
      
      
      
      
      
      
      
      
      
      
      
      
      
      
      
      
      
      
      
      
      
      
      
      
      
      
      
      
      
      
      
      
      
      
      
      
      
      
      
      
      
      
      
      
      
      
      
      
      
      
      
      
      
      
      
      
      
      
      
      
      
      
      
      
      
      
      
      
      
      
      
      
      
      
      
      
      
      
      
      
      
      
      
      
      
      
      
      
      
      
      
      
      
      
      
      
      
      
      
      
      
      
      
      
      
      
      
      
      
      
      
      
      
      
      
      
      
      
      
      
      
      
      
      
      
      
      
      
      
      
      
      
      
      
      
      
      
      
      
      
      
      
      
      
      
      
      
      
      
      
      
      
      
      
      
      
      
      
      
      
      
      
      
      
      
      
      
      
      
      
      
      
      
      
      
      
      
      
      
      
      
      
      
      
      
      
      
      
      
      
      
      
      
      
      
      
      
      
      
      
      
      
      
      
      
      
      
      
      
      
      
      
      
      
      
      
      
      
      
      
      
      
      
      
      
      
      
      
      
      
      
      
      
      
      
      
      
      
      
      
      
      
      
      
      
      
      
      
      
      
      
      
      
      
      
      
      
      
      
      
      
      
      
      
      
      
      
      
      
      
      
      
      
      
      
      
      
      
      
      
      
      
      
      
      
      
      
      
      
      
      
      
      
      
      
      
      
      
      
      
      
      
      
      
      
      
      
      
      
      
      
      
      
      
      
      
      
      
      
      
      
      
      
      
      
      
      
      
      
      
      
      
      
      
      
      
      
      
      
      
      
      
      
      
      
      
      
      
      
      
      
      
      
      
      
      
      
      
      
      
      
      
      
      
      
      
      
      
      
      
      
      
      
      
      
      
      
      
      
      
      
      
      
      
      
      
      
      
      
      
      
      
      
      
      
      
      
      
      
      
      
      
      
      
      
      
      
      
      
      
      
      
      
      
      
      
      
      
      
      
      
      
      
      
      
      
      
      
      
      
      
      
      
      
      
      
      
      
      
      
      
      
      
      
      
      
      
      
      
      
      
      
      
      
      
      
      
      
      
      
      
      
      
      
      
      
      
      
      
      
      
      
      
      
      
      
      
      
      
      
      
      
      
      
      
      
      
      
      
      
      
      
      
      
      
      
      
      
      
      
      
      
      
      
      
      
      
      
      
      
      
      
      
      
      
      
      
      
      
      
      
      
      
      
      
      
      
      
      
      
      
      
      
      
      
      
      
      
      
      
      
      
      
      
      
      
      
      
      
      
      
      
      
      
      
      
      
      
      
      
      
      
      
      
      
      
      
      
      
      
      
      
      
      
      
      
      
      
      
      
      
      
      
      
      
      
      
      
      
      
      
      
      
      
      
      
      
      
      
      
      
      
      
      
      
      
      
      
      
      
      
      
      
      
      
      
      
      
      
      
      
      
      
      
      
      
      
      
      
      
      
      
      
      
      
      
      
      
      
      
      
      
      
      
      
      
      
      
      
      
      
      
      
      
      
      
      
      
      
      
      
      
      
      
      
      
      
      
      
      
      
      
      
      
      
      
      
      
      
      
      
      
      
      
      
      
      
      
      
      
      
      
      
      
      
      
      
      
      
      
      
      
      
      
      
      
      
      
      
      
      
      
      
      
      
      
      
      
      
      
      
      
      
      
      
      
      
      
      
      
      
      
      
      
      
      
      
      
      
      
      
      
      
      
      
      
      
      
      
      
      
      
      
      
      
      
      
      
      
      
      
      
      
      
      
      
      
      
      
      
      
      
      
      
      
      
      
      
      
      
      
      
      
      
      
      
      
      
      
      
      
      
      
      
      
      
      
      
      
      
      
      
      
      
      
      
      
      
      
      
      
      
      
      
      
      
      
      
      
      
      
      
      
      
      
      
      
      
      
      
      
      
      
      
      
      
      
      
      
      
      
      
      
      
      
      
      
      
      
      
      
      
      
      
      
      
      
      
      
      
      
      
      
      
      
      
      
      
      
      
      
      
      
      
      
      
      
      
      
      
      
      
      
      
      
      
      
      
      
      
      
      
      
      
      
      
      
      
      
      
      
      
      
      
      
      
      
      
      
      
      
      
      
      
      
      
      
      
      
      
      
      
      
      
      
      
      
      
      
      
      
      
      
      
      
      
      
      
      
      
      
      
      
      
      
      
      
      
      
      
      
      
      
      
      
      
      
      
      
      
      
      
      
      
      
      
      
      
      
      
      
      
      
      
      
      
      
      
      
      
      
      
      
      
      
      
      
      
      
      
      
      
      
      
      
      
      
      
      
      
      
      
      
      
      
      
      
      
      
      
      
      
      
      
      
      
      
      
      
      
      
      
      
      
      
      
      
      
      
      
      
      
      
      
      
      
      
      
      
      
      
      
      
      
      
      
      
      
      
      
      
      
      
      
      
      
      
      
      
      
      
      
      
      
      
      
      
      
      
      
      
      
      
      
      
      
      
      
      
      
      
      
      
      
      
      
      
      
      
      
      
      
      
      
      
      
      
      
      
      
      
      
      
      
      
      
      
      
      
      
      
      
      
      
      
      
      
      
      
      
      
      
      
      
      
      
      
      
      
      
      
      
      
      
      
      
      
      
      <Excluded_Packages Name="C:\Program Files (x86)\DevExpress VCL\Library\RS11\dcldxSkinsCoreRS11.bpl">ExpressSkins Library by Developer Express Inc.</Excluded_Packages>
      <Excluded_Packages Name="C:\Program Files (x86)\DevExpress VCL\Library\RS11\dxSkinBlackRS11.bpl">ExpressSkins - Black Skin by Developer Express Inc.</Excluded_Packages>
      <Excluded_Packages Name="C:\Program Files (x86)\DevExpress VCL\Library\RS11\dxSkinBlueprintRS11.bpl">ExpressSkins - Blueprint Skin by Developer Express Inc.</Excluded_Packages>
      <Excluded_Packages Name="C:\Program Files (x86)\DevExpress VCL\Library\RS11\dxSkinBlueRS11.bpl">ExpressSkins - Blue Skin by Developer Express Inc.</Excluded_Packages>
      <Excluded_Packages Name="C:\Program Files (x86)\DevExpress VCL\Library\RS11\dxSkinCaramelRS11.bpl">ExpressSkins - Caramel Skin by Developer Express Inc.</Excluded_Packages>
      <Excluded_Packages Name="C:\Program Files (x86)\DevExpress VCL\Library\RS11\dxSkinCoffeeRS11.bpl">ExpressSkins - Coffee Skin by Developer Express Inc.</Excluded_Packages>
      <Excluded_Packages Name="C:\Program Files (x86)\DevExpress VCL\Library\RS11\dxSkinDarkRoomRS11.bpl">ExpressSkins - Darkroom Skin by Developer Express Inc.</Excluded_Packages>
      <Excluded_Packages Name="C:\Program Files (x86)\DevExpress VCL\Library\RS11\dxSkinDarkSideRS11.bpl">ExpressSkins - DarkSide Skin by Developer Express Inc.</Excluded_Packages>
      <Excluded_Packages Name="C:\Program Files (x86)\DevExpress VCL\Library\RS11\dxSkinDevExpressDarkStyleRS11.bpl">ExpressSkins - DevExpressDarkStyle Skin by Developer Express Inc.</Excluded_Packages>
      <Excluded_Packages Name="C:\Program Files (x86)\DevExpress VCL\Library\RS11\dxSkinDevExpressStyleRS11.bpl">ExpressSkins - DevExpressStyle Skin by Developer Express Inc.</Excluded_Packages>
      <Excluded_Packages Name="C:\Program Files (x86)\DevExpress VCL\Library\RS11\dxSkinFoggyRS11.bpl">ExpressSkins - Foggy Skin by Developer Express Inc.</Excluded_Packages>
      <Excluded_Packages Name="C:\Program Files (x86)\DevExpress VCL\Library\RS11\dxSkinGlassOceansRS11.bpl">ExpressSkins - GlassOceans Skin by Developer Express Inc.</Excluded_Packages>
      <Excluded_Packages Name="C:\Program Files (x86)\DevExpress VCL\Library\RS11\dxSkinHighContrastRS11.bpl">ExpressSkins - HighContrast Skin by Developer Express Inc.</Excluded_Packages>
      <Excluded_Packages Name="C:\Program Files (x86)\DevExpress VCL\Library\RS11\dxSkiniMaginaryRS11.bpl">ExpressSkins - iMaginary Skin by Developer Express Inc.</Excluded_Packages>
      <Excluded_Packages Name="C:\Program Files (x86)\DevExpress VCL\Library\RS11\dxSkinLilianRS11.bpl">ExpressSkins - Lilian Skin by Developer Express Inc.</Excluded_Packages>
      <Excluded_Packages Name="C:\Program Files (x86)\DevExpress VCL\Library\RS11\dxSkinLiquidSkyRS11.bpl">ExpressSkins - LiquidSky Skin by Developer Express Inc.</Excluded_Packages>
      <Excluded_Packages Name="C:\Program Files (x86)\DevExpress VCL\Library\RS11\dxSkinLondonLiquidSkyRS11.bpl">ExpressSkins - LondonLiquidSky Skin by Developer Express Inc.</Excluded_Packages>
      <Excluded_Packages Name="C:\Program Files (x86)\DevExpress VCL\Library\RS11\dxSkinMcSkinRS11.bpl">ExpressSkins - McSkin Skin by Developer Express Inc.</Excluded_Packages>
      <Excluded_Packages Name="C:\Program Files (x86)\DevExpress VCL\Library\RS11\dxSkinMetropolisDarkRS11.bpl">ExpressSkins - MetropolisDark Skin by Developer Express Inc.</Excluded_Packages>
      <Excluded_Packages Name="C:\Program Files (x86)\DevExpress VCL\Library\RS11\dxSkinMetropolisRS11.bpl">ExpressSkins - Metropolis Skin by Developer Express Inc.</Excluded_Packages>
      <Excluded_Packages Name="C:\Program Files (x86)\DevExpress VCL\Library\RS11\dxSkinMoneyTwinsRS11.bpl">ExpressSkins - MoneyTwins Skin by Developer Express Inc.</Excluded_Packages>
      <Excluded_Packages Name="C:\Program Files (x86)\DevExpress VCL\Library\RS11\dxSkinOffice2007BlackRS11.bpl">ExpressSkins - Office2007Black Skin by Developer Express Inc.</Excluded_Packages>
      <Excluded_Packages Name="C:\Program Files (x86)\DevExpress VCL\Library\RS11\dxSkinOffice2007BlueRS11.bpl">ExpressSkins - Office2007Blue Skin by Developer Express Inc.</Excluded_Packages>
      <Excluded_Packages Name="C:\Program Files (x86)\DevExpress VCL\Library\RS11\dxSkinOffice2007GreenRS11.bpl">ExpressSkins - Office2007Green Skin by Developer Express Inc.</Excluded_Packages>
      <Excluded_Packages Name="C:\Program Files (x86)\DevExpress VCL\Library\RS11\dxSkinOffice2007PinkRS11.bpl">ExpressSkins - Office2007Pink Skin by Developer Express Inc.</Excluded_Packages>
      <Excluded_Packages Name="C:\Program Files (x86)\DevExpress VCL\Library\RS11\dxSkinOffice2007SilverRS11.bpl">ExpressSkins - Office2007Silver Skin by Developer Express Inc.</Excluded_Packages>
      <Excluded_Packages Name="C:\Program Files (x86)\DevExpress VCL\Library\RS11\dxSkinOffice2010BlackRS11.bpl">ExpressSkins - Office2010Black Skin by Developer Express Inc.</Excluded_Packages>
      <Excluded_Packages Name="C:\Program Files (x86)\DevExpress VCL\Library\RS11\dxSkinOffice2010BlueRS11.bpl">ExpressSkins - Office2010Blue Skin by Developer Express Inc.</Excluded_Packages>
      <Excluded_Packages Name="C:\Program Files (x86)\DevExpress VCL\Library\RS11\dxSkinOffice2010SilverRS11.bpl">ExpressSkins - Office2010Silver Skin by Developer Express Inc.</Excluded_Packages>
      <Excluded_Packages Name="C:\Program Files (x86)\DevExpress VCL\Library\RS11\dxSkinOffice2013DarkGrayRS11.bpl">ExpressSkins - Office2013DarkGray Skin by Developer Express Inc.</Excluded_Packages>
      <Excluded_Packages Name="C:\Program Files (x86)\DevExpress VCL\Library\RS11\dxSkinOffice2013LightGrayRS11.bpl">ExpressSkins - Office2013LightGray Skin by Developer Express Inc.</Excluded_Packages>
      <Excluded_Packages Name="C:\Program Files (x86)\DevExpress VCL\Library\RS11\dxSkinOffice2013WhiteRS11.bpl">ExpressSkins - Office2013White Skin by Developer Express Inc.</Excluded_Packages>
      <Excluded_Packages Name="C:\Program Files (x86)\DevExpress VCL\Library\RS11\dxSkinPumpkinRS11.bpl">ExpressSkins - Pumpkin Skin by Developer Express Inc.</Excluded_Packages>
      <Excluded_Packages Name="C:\Program Files (x86)\DevExpress VCL\Library\RS11\dxSkinSevenClassicRS11.bpl">ExpressSkins - SevenClassic Skin by Developer Express Inc.</Excluded_Packages>
      <Excluded_Packages Name="C:\Program Files (x86)\DevExpress VCL\Library\RS11\dxSkinSevenRS11.bpl">ExpressSkins - Seven Skin by Developer Express Inc.</Excluded_Packages>
      <Excluded_Packages Name="C:\Program Files (x86)\DevExpress VCL\Library\RS11\dxSkinSharpPlusRS11.bpl">ExpressSkins - SharpPlus Skin by Developer Express Inc.</Excluded_Packages>
      <Excluded_Packages Name="C:\Program Files (x86)\DevExpress VCL\Library\RS11\dxSkinSharpRS11.bpl">ExpressSkins - Sharp Skin by Developer Express Inc.</Excluded_Packages>
      <Excluded_Packages Name="C:\Program Files (x86)\DevExpress VCL\Library\RS11\dxSkinSilverRS11.bpl">ExpressSkins - Silver Skin by Developer Express Inc.</Excluded_Packages>
      <Excluded_Packages Name="C:\Program Files (x86)\DevExpress VCL\Library\RS11\dxSkinSpringTimeRS11.bpl">ExpressSkins - Springtime Skin by Developer Express Inc.</Excluded_Packages>
      <Excluded_Packages Name="C:\Program Files (x86)\DevExpress VCL\Library\RS11\dxSkinStardustRS11.bpl">ExpressSkins - Stardust Skin by Developer Express Inc.</Excluded_Packages>
      <Excluded_Packages Name="C:\Program Files (x86)\DevExpress VCL\Library\RS11\dxSkinSummer2008RS11.bpl">ExpressSkins - Summer2008 Skin by Developer Express Inc.</Excluded_Packages>
      <Excluded_Packages Name="C:\Program Files (x86)\DevExpress VCL\Library\RS11\dxSkinTheAsphaltWorldRS11.bpl">ExpressSkins - TheAsphaltWorld Skin by Developer Express Inc.</Excluded_Packages>
      <Excluded_Packages Name="C:\Program Files (x86)\DevExpress VCL\Library\RS11\dxSkinValentineRS11.bpl">ExpressSkins - Valentine Skin by Developer Express Inc.</Excluded_Packages>
      <Excluded_Packages Name="C:\Program Files (x86)\DevExpress VCL\Library\RS11\dxSkinVS2010RS11.bpl">ExpressSkins - VS2010 Skin by Developer Express Inc.</Excluded_Packages>
      <Excluded_Packages Name="C:\Program Files (x86)\DevExpress VCL\Library\RS11\dxSkinWhiteprintRS11.bpl">ExpressSkins - Whiteprint Skin by Developer Express Inc.</Excluded_Packages>
      <Excluded_Packages Name="C:\Program Files (x86)\DevExpress VCL\Library\RS11\dxSkinXmas2008BlueRS11.bpl">ExpressSkins - Xmas2008Blue Skin by Developer Express Inc.</Excluded_Packages>
      <Excluded_Packages Name="C:\Program Files (x86)\DevExpress VCL\Library\RS11\dcldxSkinsDesignHelperRS11.bpl">ExpressSkins Library Uses Clause Auto Fill Helper by Developer Express Inc.</Excluded_Packages>
      <Excluded_Packages Name="C:\Program Files (x86)\DevExpress VCL\Library\RS11\dxSkinscxPCPainterRS11.bpl">ExpressSkins Library Painter for PageControl by Developer Express Inc.</Excluded_Packages>
      <Excluded_Packages Name="C:\Program Files (x86)\DevExpress VCL\Library\RS11\dcldxSkinscxEditorsHelperRS11.bpl">ExpressSkins Library Uses Clause Auto Fill Helper for ExpressEditors by Developer Express Inc.</Excluded_Packages>
      <Excluded_Packages Name="C:\Program Files (x86)\DevExpress VCL\Library\RS11\dxSkinsdxBarPainterRS11.bpl">ExpressSkins Library Painter for Bars by Developer Express Inc.</Excluded_Packages>
      <Excluded_Packages Name="C:\Program Files (x86)\DevExpress VCL\Library\RS11\dxSkinsdxRibbonPainterRS11.bpl">ExpressSkins Library Painter for Ribbon by Developer Express Inc.</Excluded_Packages>
      <Excluded_Packages Name="C:\Program Files (x86)\DevExpress VCL\Library\RS11\dcldxSkinscxPCPainterRS11.bpl">ExpressSkins Library Uses Clause Auto Fill Helper for PageControl Painter by Developer Express Inc.</Excluded_Packages>
      <Excluded_Packages Name="C:\Program Files (x86)\DevExpress VCL\Library\RS11\dxSkinsdxDLPainterRS11.bpl">ExpressSkins Library Painter for Docking Library by Developer Express Inc.</Excluded_Packages>
      <Excluded_Packages Name="C:\Program Files (x86)\DevExpress VCL\Library\RS11\dcldxSkinsdxBarsPaintersRS11.bpl">ExpressSkins Library Uses Clause Auto Fill Helper for Bars Painters by Developer Express Inc.</Excluded_Packages>
      <Excluded_Packages Name="C:\Program Files (x86)\DevExpress VCL\Library\RS11\dcldxSkinsdxRibbonPaintersRS11.bpl">ExpressSkins Library Uses Clause Auto Fill Helper for Ribbon Painters by Developer Express Inc.</Excluded_Packages>
      <Excluded_Packages Name="C:\Attracs\Attracs-Online\Components\Bpl\dclindy100.bpl">Internet Direct Version 9 (Indy) Property and Component Editors</Excluded_Packages>
      <Excluded_Packages Name="$(BDS)\bin\dcloffice2k100.bpl">Microsoft Office 2000 Sample Automation Server Wrapper Components</Excluded_Packages>
      <Excluded_Packages Name="$(BDS)\bin\dclofficexp100.bpl">Microsoft Office XP Sample Automation Server Wrapper Components</Excluded_Packages>
    </Excluded_Packages><Source><Source Name="MainSource">Project2.dpr</Source></Source></Delphi.Personality></BorlandProject></BorlandProject>
  </ProjectExtensions>
  <Import Project="$(MSBuildBinPath)\Borland.Delphi.Targets" />
  <ItemGroup>
    <DelphiCompile Include="Project2.dpr">
      <MainSource>MainSource</MainSource>
    </DelphiCompile>
    <DCCReference Include="frmAbstractDialog.pas">
      <Form>AbstractDialog</Form>
    </DCCReference>
    <DCCReference Include="frmDialog.pas">
      <Form>DialogForm</Form>
    </DCCReference>
    <DCCReference Include="frmDialogA.pas">
      <Form>DialogAForm</Form>
    </DCCReference>
    <DCCReference Include="frmDialogB.pas">
      <Form>DialogBForm</Form>
    </DCCReference>
    <DCCReference Include="frmMain.pas">
      <Form>Main</Form>
    </DCCReference>
  </ItemGroup>
</Project>